Microsoft Visual Studio Solution File, Format Version 12.00
# Visual Studio Version 17
VisualStudioVersion = 17.5.2.0
MinimumVisualStudioVersion = 10.0.40219.1
Project("{FAE04EC0-301F-11D3-BF4B-00C04F79EFBC}") = "tabuadaWhile", "tabuadaWhile.csproj", "{A8277D5B-F887-9075-953D-5C76E709D9D5}"
EndProject
Global
	GlobalSection(SolutionConfigurationPlatforms) = preSolution
		Debug|Any CPU = Debug|Any CPU
		Release|Any CPU = Release|Any CPU
	EndGlobalSection
	GlobalSection(ProjectConfigurationPlatforms) = postSolution
		{A8277D5B-F887-9075-953D-5C76E709D9D5}.Debug|Any CPU.ActiveCfg = Debug|Any CPU
		{A8277D5B-F887-9075-953D-5C76E709D9D5}.Debug|Any CPU.Build.0 = Debug|Any CPU
		{A8277D5B-F887-9075-953D-5C76E709D9D5}.Release|Any CPU.ActiveCfg = Release|Any CPU
		{A8277D5B-F887-9075-953D-5C76E709D9D5}.Release|Any CPU.Build.0 = Release|Any CPU
	EndGlobalSection
	GlobalSection(SolutionProperties) = preSolution
		HideSolutionNode = FALSE
	EndGlobalSection
	GlobalSection(ExtensibilityGlobals) = postSolution
		SolutionGuid = {03C7F212-46DB-4909-B973-135050D2723C}
	EndGlobalSection
EndGlobal
